
Microsoft Visual Studio Solution File, Format Version 12.00
# Visual Studio Version 17
VisualStudioVersion = 17.8.34525.116
MinimumVisualStudioVersion = 10.0.40219.1
Project("{FAE04EC0-301F-11D3-BF4B-00C04F79EFBC}") = "Actividad", "Actividad\Actividad.csproj", "{DC1B6CAD-ADED-4202-9BE0-A99B874135C6}"
EndProject
Global
	GlobalSection(SolutionConfigurationPlatforms) = preSolution
		Debug|Any CPU = Debug|Any CPU
		Release|Any CPU = Release|Any CPU
	EndGlobalSection
	GlobalSection(ProjectConfigurationPlatforms) = postSolution
		{DC1B6CAD-ADED-4202-9BE0-A99B874135C6}.Debug|Any CPU.ActiveCfg = Debug|Any CPU
		{DC1B6CAD-ADED-4202-9BE0-A99B874135C6}.Debug|Any CPU.Build.0 = Debug|Any CPU
		{DC1B6CAD-ADED-4202-9BE0-A99B874135C6}.Release|Any CPU.ActiveCfg = Release|Any CPU
		{DC1B6CAD-ADED-4202-9BE0-A99B874135C6}.Release|Any CPU.Build.0 = Release|Any CPU
	EndGlobalSection
	GlobalSection(SolutionProperties) = preSolution
		HideSolutionNode = FALSE
	EndGlobalSection
	GlobalSection(ExtensibilityGlobals) = postSolution
		SolutionGuid = {96C51724-2F5E-441E-A9F1-68DCB4265464}
	EndGlobalSection
EndGlobal
